# This file is autogenerated, do not edit; changes may be undone by the next 'dep ensure'.


[[projects]]
  digest = "1:5ad08b0e14866764a6d7475eb11c9cf05cad9a52c442593bdfa544703ff77f61"
  name = "cloud.google.com/go"
  packages = ["compute/metadata"]
  pruneopts = "NUT"
  revision = "0ebda48a7f143b1cce9eb37a8c1106ac762a3430"
  version = "v0.34.0"

[[projects]]
  digest = "1:a26f8da48b22e6176c1c6a2459904bb30bd0c49ada04b2963c2c3a203e81a620"
  name = "github.com/Masterminds/semver"
  packages = ["."]
  pruneopts = "NUT"
  revision = "c7af12943936e8c39859482e61f0574c2fd7fc75"
  version = "v1.4.2"

[[projects]]
  digest = "1:2be791e7b333ff7c06f8fb3dc18a7d70580e9399dbdffd352621d067ff260b6e"
  name = "github.com/Microsoft/go-winio"
  packages = ["."]
  pruneopts = "NUT"
  revision = "97e4973ce50b2ff5f09635a57e2b88a037aae829"
  version = "v0.4.11"

[[projects]]
  digest = "1:76939b72b6b2012e9aca613f33d947099178c9f0d3be5522485701031ebf3e49"
  name = "github.com/NYTimes/gziphandler"
  packages = ["."]
  pruneopts = "NUT"
  revision = "2600fb119af974220d3916a5916d6e31176aac1b"
  version = "v1.0.1"

[[projects]]
  digest = "1:d8ebbd207f3d3266d4423ce4860c9f3794956306ded6c7ba312ecc69cdfbf04c"
  name = "github.com/PuerkitoBio/purell"
  packages = ["."]
  pruneopts = "NUT"
  revision = "0bcb03f4b4d0a9428594752bd2a3b9aa0a9d4bd4"
  version = "v1.1.0"

[[projects]]
  branch = "master"
  digest = "1:8098cd40cd09879efbf12e33bcd51ead4a66006ac802cd563a66c4f3373b9727"
  name = "github.com/PuerkitoBio/urlesc"
  packages = ["."]
  pruneopts = "NUT"
  revision = "de5bf2ad457846296e2031421a34e2568e304e35"

[[projects]]
  branch = "master"
  digest = "1:707ebe952a8b3d00b343c01536c79c73771d100f63ec6babeaed5c79e2b8a8dd"
  name = "github.com/beorn7/perks"
  packages = ["quantile"]
  pruneopts = "NUT"
  revision = "3a771d992973f24aa725d07868b467d1ddfceafb"

[[projects]]
  digest = "1:45c41cd27a8d986998680bfc86da0bbff5fa4f90d0f446c00636c8b099028ffe"
  name = "github.com/blang/semver"
  packages = ["."]
  pruneopts = "NUT"
  revision = "ba2c2ddd89069b46a7011d4106f6868f17ee1705"
  version = "v3.6.1"

[[projects]]
  branch = "master"
  digest = "1:34ceb29329410877bcae59925687ab0669d091617fbf85541872fc578c6339c9"
  name = "github.com/containerd/console"
  packages = ["."]
  pruneopts = "NUT"
  revision = "c12b1e7919c14469339a5d38f2f8ed9b64a9de23"

[[projects]]
  branch = "master"
  digest = "1:e48c63e818c67fbf3d7afe20bba33134ab1a5bf384847385384fd027652a5a96"
  name = "github.com/containerd/continuity"
  packages = ["pathdriver"]
  pruneopts = "NUT"
  revision = "004b46473808b3e7a4a3049c20e4376c91eb966d"

[[projects]]
  digest = "1:e87602d4a71d421d0b49dfd4d8078d012f01ef8cf1bd28c842b9a321e8ac9100"
  name = "github.com/coreos/etcd"
  packages = [
    "auth/authpb",
    "clientv3",
    "clientv3/balancer",
    "clientv3/balancer/connectivity",
    "clientv3/balancer/picker",
    "clientv3/balancer/resolver/endpoint",
    "clientv3/credentials",
    "etcdserver/api/v3rpc/rpctypes",
    "etcdserver/etcdserverpb",
    "mvcc/mvccpb",
    "pkg/logutil",
    "pkg/systemd",
    "pkg/tlsutil",
    "pkg/transport",
    "pkg/types",
    "raft",
    "raft/raftpb",
  ]
  pruneopts = "NUT"
  revision = "v3.3.15"

[[projects]]
  digest = "1:c7ef450ce524bfedf786e327f484d4d63aaead33931d1cfafa550715d3e7c2dc"
  name = "github.com/coreos/go-systemd"
  packages = [
    "daemon",
    "journal",
  ]
  pruneopts = "NUT"
  revision = "9002847aa1425fb6ac49077c0a630b3b67e0fbfd"
  version = "v18"

[[projects]]
  digest = "1:22332f13485f13511589dc1f59eb97594e8636d3606b69d172a9a85421ad465d"
  name = "github.com/coreos/pkg"
  packages = ["capnslog"]
  pruneopts = "NUT"
  revision = "97fdf19511ea361ae1c100dd393cc47f8dcfa1e1"
  version = "v4"

[[projects]]
  digest = "1:ffe9824d294da03b391f44e1ae8281281b4afc1bdaa9588c9097785e3af10cec"
  name = "github.com/davecgh/go-spew"
  packages = ["spew"]
  pruneopts = "NUT"
  revision = "8991bc29aa16c548c550c7ff78260e27b9ab7c73"
  version = "v1.1.1"

[[projects]]
  branch = "19.03"
  digest = "1:ffdfc0835147c093fbd6b6da4045bb2be1e9c3eef11ab72a8b8c556a2a4bf4e3"
  name = "github.com/docker/cli"
  packages = [
    "cli/compose/interpolation",
    "cli/compose/loader",
    "cli/compose/schema",
    "cli/compose/template",
    "cli/compose/types",
    "opts",
  ]
  pruneopts = "NUT"
  revision = "2355349d8b99ea2c15bbdd7f1f203fa078e9bb4e"

[[projects]]
  digest = "1:de4a141036d93a75ae89ed0868ab7759c1f1b74131cd3a6a7ce4071bce006fd6"
  name = "github.com/docker/distribution"
  packages = ["registry/api/errcode"]
  pruneopts = "NUT"
  revision = "0d3efadf0154c2b8a4e7b6621fff9809655cc580"

[[projects]]
  branch = "19.03"
  digest = "1:3f2c381c5401736d9dbc1f9bc73dd83953ecc150689eddddec15bc6b2284b1e3"
  name = "github.com/docker/docker"
  packages = [
    "api/types",
    "api/types/blkiodev",
    "api/types/container",
    "api/types/filters",
    "api/types/mount",
    "api/types/network",
    "api/types/registry",
    "api/types/strslice",
    "api/types/swarm",
    "api/types/swarm/runtime",
    "api/types/versions",
    "errdefs",
    "pkg/homedir",
    "pkg/idtools",
    "pkg/mount",
    "pkg/system",
  ]
  pruneopts = "NUT"
  revision = "dbe4a30928d418e0570891a09703bcbc0e4997a1"
  source = "https://github.com/docker/engine"

[[projects]]
  digest = "1:ade935c55cd6d0367c843b109b09c9d748b1982952031414740750fdf94747eb"
  name = "github.com/docker/go-connections"
  packages = ["nat"]
  pruneopts = "NUT"
  revision = "7395e3f8aa162843a74ed6d48e79627d9792ac55"
  version = "v0.4.0"

[[projects]]
  digest = "1:4340101f42556a9cb2f7a360a0e95a019bfef6247d92e6c4c46f2433cf86a482"
  name = "github.com/docker/go-units"
  packages = ["."]
  pruneopts = "NUT"
  revision = "47565b4f722fb6ceae66b95f853feed578a4a51c"
  version = "v0.3.3"

[[projects]]
  digest = "1:3537d33c077a9666720dc987fddfecb07270606ac0a58f67abd08e3b252c0a45"
  name = "github.com/emicklei/go-restful"
  packages = [
    ".",
    "log",
  ]
  pruneopts = "NUT"
  revision = "3eb9738c1697594ea6e71a7156a9bb32ed216cf0"
  version = "v2.8.0"

[[projects]]
  digest = "1:db115eee0ae265dab922fecbb7966c3fcdc4eae3c2e9caae302fdcba3ba422c7"
  name = "github.com/evanphx/json-patch"
  packages = ["."]
  pruneopts = "NUT"
  revision = "5858425f75500d40c52783dce87d085a483ce135"

[[projects]]
  branch = "master"
  digest = "1:260f7ebefc63024c8dfe2c9f1a2935a89fa4213637a1f522f592f80c001cc441"
  name = "github.com/go-openapi/jsonpointer"
  packages = ["."]
  pruneopts = "NUT"
  revision = "3a0015ad55fa9873f41605d3e8f28cd279c32ab2"

[[projects]]
  branch = "master"
  digest = "1:98abd61947ff5c7c6fcfec5473d02a4821ed3a2dd99a4fbfdb7925b0dd745546"
  name = "github.com/go-openapi/jsonreference"
  packages = ["."]
  pruneopts = "NUT"
  revision = "3fb327e6747da3043567ee86abd02bb6376b6be2"

[[projects]]
  branch = "master"
  digest = "1:e95b560c49fb849a61957a5fb3346ce23b3f67426e00e01179e5396cabc9a12c"
  name = "github.com/go-openapi/spec"
  packages = ["."]
  pruneopts = "NUT"
  revision = "bcff419492eeeb01f76e77d2ebc714dc97b607f5"

[[projects]]
  branch = "master"
  digest = "1:a610c604eb06f0be4b0fc667388b7a221155d77d7f9089f70ac142a4a9daf014"
  name = "github.com/go-openapi/swag"
  packages = ["."]
  pruneopts = "NUT"
  revision = "811b1089cde9dad18d4d0c2d09fbdbf28dbd27a5"

[[projects]]
  digest = "1:5234c3ebb401bafebe57afa99a322476ef89924d774c3e611947fd9457e89293"
  name = "github.com/gogo/protobuf"
  packages = [
    "gogoproto",
    "proto",
    "protoc-gen-gogo/descriptor",
    "sortkeys",
  ]
  pruneopts = "NUT"
  revision = "4cbf7e384e768b4e01799441fdf2a706a5635ae7"
  version = "v1.2.0"

[[projects]]
  branch = "master"
  digest = "1:b7cb6054d3dff43b38ad2e92492f220f57ae6087ee797dca298139776749ace8"
  name = "github.com/golang/groupcache"
  packages = ["lru"]
  pruneopts = "NUT"
  revision = "5b532d6fd5efaf7fa130d4e859a2fde0fc3a9e1b"

[[projects]]
  digest = "1:5ae5b54d7cd695bafa92bf426b7c3d046f907260ec0fcb4fe5c368d937597c00"
  name = "github.com/golang/protobuf"
  packages = [
    "proto",
    "protoc-gen-go/descriptor",
    "ptypes",
    "ptypes/any",
    "ptypes/duration",
    "ptypes/timestamp",
  ]
  pruneopts = "NUT"
  revision = "aa810b61a9c79d51363740d207bb46cf8e620ed5"
  version = "v1.2.0"

[[projects]]
  digest = "1:1d1cbf539d9ac35eb3148129f96be5537f1a1330cadcc7e3a83b4e72a59672a3"
  name = "github.com/google/go-cmp"
  packages = [
    "cmp",
    "cmp/internal/diff",
    "cmp/internal/flags",
    "cmp/internal/function",
    "cmp/internal/value",
  ]
  pruneopts = "NUT"
  revision = "2d0692c2e9617365a95b295612ac0d4415ba4627"
  version = "v0.3.1"

[[projects]]
  branch = "master"
  digest = "1:52c5834e2bebac9030c97cc0798ac11c3aa8a39f098aeb419f142533da6cd3cc"
  name = "github.com/google/gofuzz"
  packages = ["."]
  pruneopts = "NUT"
  revision = "24818f796faf91cd76ec7bddd72458fbced7a6c1"

[[projects]]
  digest = "1:56a1f3949ebb7fa22fa6b4e4ac0fe0f77cc4faee5b57413e6fa9199a8458faf1"
  name = "github.com/google/uuid"
  packages = ["."]
  pruneopts = "NUT"
  revision = "9b3b1e0f5f99ae461456d768e7d301a7acdaa2d8"
  version = "v1.1.0"

[[projects]]
  digest = "1:06a7dadb7b760767341ffb6c8d377238d68a1226f2b21b5d497d2e3f6ecf6b4e"
  name = "github.com/googleapis/gnostic"
  packages = [
    "OpenAPIv2",
    "compiler",
    "extensions",
  ]
  pruneopts = "NUT"
  revision = "7c663266750e7d82587642f65e60bc4083f1f84e"
  version = "v0.2.0"

[[projects]]
  digest = "1:5872c7f130f62fc34bfda20babad36be6309c00b5c9207717f7cd2a51536fff4"
  name = "github.com/grpc-ecosystem/go-grpc-prometheus"
  packages = ["."]
  pruneopts = "NUT"
  revision = "c225b8c3b01faf2899099b768856a9e916e5087b"
  version = "v1.2.0"

[[projects]]
  branch = "master"
  digest = "1:13e2fa5735a82a5fb044f290cfd0dba633d1c5e516b27da0509e0dbb3515a18e"
  name = "github.com/hashicorp/golang-lru"
  packages = [
    ".",
    "simplelru",
  ]
  pruneopts = "NUT"
  revision = "0fb14efe8c47ae851c0034ed7a448854d3d34cf3"

[[projects]]
  digest = "1:9a52adf44086cead3b384e5d0dbf7a1c1cce65e67552ee3383a8561c42a18cd3"
  name = "github.com/imdario/mergo"
  packages = ["."]
  pruneopts = "NUT"
  revision = "9f23e2d6bd2a77f959b2bf6acdbefd708a83a4a4"
  version = "v0.3.6"

[[projects]]
  digest = "1:406338ad39ab2e37b7f4452906442a3dbf0eb3379dd1f06aafb5c07e769a5fbb"
  name = "github.com/inconshreveable/mousetrap"
  packages = ["."]
  pruneopts = "NUT"
  revision = "76626ae9c91c4f2a10f34cad8ce83ea42c93bb75"
  version = "v1.0"

[[projects]]
  digest = "1:8e36686e8b139f8fe240c1d5cf3a145bc675c22ff8e707857cdd3ae17b00d728"
  name = "github.com/json-iterator/go"
  packages = ["."]
  pruneopts = "NUT"
  revision = "1624edc4454b8682399def8740d46db5e4362ba4"
  version = "v1.1.5"

[[projects]]
  digest = "1:4059c14e87a2de3a434430340521b5feece186c1469eff0834c29a63870de3ed"
  name = "github.com/konsorten/go-windows-terminal-sequences"
  packages = ["."]
  pruneopts = "NUT"
  revision = "5c8c8bd35d3832f5d134ae1e1e375b69a4d25242"
  version = "v1.0.1"

[[projects]]
  branch = "master"
  digest = "1:ada518b8c338e10e0afa443d84671476d3bd1d926e13713938088e8ddbee1a3e"
  name = "github.com/mailru/easyjson"
  packages = [
    "buffer",
    "jlexer",
    "jwriter",
  ]
  pruneopts = "NUT"
  revision = "3fdea8d05856a0c8df22ed4bc71b3219245e4485"

[[projects]]
  digest = "1:d0164259ed17929689df11205194d80288e8ae25351778f7a3421a24774c36f8"
  name = "github.com/mattn/go-shellwords"
  packages = ["."]
  pruneopts = "NUT"
  revision = "02e3cf038dcea8290e44424da473dd12be796a8a"
  version = "v1.0.3"

[[projects]]
  digest = "1:5985ef4caf91ece5d54817c11ea25f182697534f8ae6521eadcd628c142ac4b6"
  name = "github.com/matttproud/golang_protobuf_extensions"
  packages = ["pbutil"]
  pruneopts = "NUT"
  revision = "c12348ce28de40eed0136aa2b644d0ee0650e56c"
  version = "v1.0.1"

[[projects]]
  branch = "master"
  digest = "1:9db29b604bd78452d167abed82386ddd2f93973df3841896fb6ab8aff936f1d6"
  name = "github.com/mitchellh/go-homedir"
  packages = ["."]
  pruneopts = "NUT"
  revision = "3864e76763d94a6df2f9960b16a20a33da9f9a66"

[[projects]]
  branch = "master"
  digest = "1:ffbb5e45e7e69a915767cc2fcff99525645afdfefffee72c551940e4b055e538"
  name = "github.com/mitchellh/mapstructure"
  packages = ["."]
  pruneopts = "NUT"
  revision = "bb74f1db0675b241733089d5a1faa5dd8b0ef57b"

[[projects]]
  digest = "1:2f42fa12d6911c7b7659738758631bec870b7e9b4c6be5444f963cdcfccc191f"
  name = "github.com/modern-go/concurrent"
  packages = ["."]
  pruneopts = "NUT"
  revision = "bacd9c7ef1dd9b15be4a9909b8ac7a4e313eec94"
  version = "1.0.3"

[[projects]]
  digest = "1:c6aca19413b13dc59c220ad7430329e2ec454cc310bc6d8de2c7e2b93c18a0f6"
  name = "github.com/modern-go/reflect2"
  packages = ["."]
  pruneopts = "NUT"
  revision = "4b7aa43c6742a2c18fdef89dd197aaae7dac7ccd"
  version = "1.0.1"

[[projects]]
  branch = "master"
  digest = "1:946bf1e858c4884cc82907463b0579dfd3b84e1b541bd49808d2bcfcb9452be0"
  name = "github.com/morikuni/aec"
  packages = ["."]
  pruneopts = "NUT"
  revision = "39771216ff4c63d11f5e604076f9c45e8be1067b"

[[projects]]
  branch = "master"
  digest = "1:c0164b6d52877372590085b45f53a160f47c24e8a2312bb815489223044f5914"
  name = "github.com/munnerz/goautoneg"
  packages = ["."]
  pruneopts = "NUT"
  revision = "a547fc61f48d567d5b4ec6f8aee5573d8efce11d"

[[projects]]
  branch = "master"
  digest = "1:eba188b392e27eec3191e7d49ede2b7d00e82f1954de205b0893f04db7da550a"
  name = "github.com/onsi/ginkgo"
  packages = [
    ".",
    "config",
    "internal/codelocation",
    "internal/containernode",
    "internal/failer",
    "internal/leafnodes",
    "internal/remote",
    "internal/spec",
    "internal/spec_iterator",
    "internal/specrunner",
    "internal/suite",
    "internal/testingtproxy",
    "internal/writer",
    "reporters",
    "reporters/stenographer",
    "reporters/stenographer/support/go-colorable",
    "reporters/stenographer/support/go-isatty",
    "types",
  ]
  pruneopts = "NUT"
  revision = "e51bee6c2dd1df84f9cdde1e21f62f6d5a825a90"

[[projects]]
  branch = "master"
  digest = "1:d227e921df8a9d8f322de105210b1d8dde1dc4959856478c602a16ddb290dd73"
  name = "github.com/onsi/gomega"
  packages = [
    ".",
    "format",
    "internal/assertion",
    "internal/asyncassertion",
    "internal/oraclematcher",
    "internal/testingtsupport",
    "matchers",
    "matchers/support/goraph/bipartitegraph",
    "matchers/support/goraph/edge",
    "matchers/support/goraph/node",
    "matchers/support/goraph/util",
    "types",
  ]
  pruneopts = "NUT"
  revision = "9be84105672ba4433a3b61f1b4d7f9ff8b022293"

[[projects]]
  digest = "1:e0cc8395ea893c898ff5eb0850f4d9851c1f57c78c232304a026379a47a552d0"
  name = "github.com/opencontainers/go-digest"
  packages = ["."]
  pruneopts = "NUT"
  revision = "279bed98673dd5bef374d3b6e4b09e2af76183bf"
  version = "v1.0.0-rc1"

[[projects]]
  digest = "1:11db38d694c130c800d0aefb502fb02519e514dc53d9804ce51d1ad25ec27db6"
  name = "github.com/opencontainers/image-spec"
  packages = [
    "specs-go",
    "specs-go/v1",
  ]
  pruneopts = "NUT"
  revision = "d60099175f88c47cd379c4738d158884749ed235"
  version = "v1.0.1"

[[projects]]
  digest = "1:918dbd46ad099418ce9760291bb156ebf23d441aad4cb682dd9bf09e2d3c0c7b"
  name = "github.com/opencontainers/runc"
  packages = ["libcontainer/user"]
  pruneopts = "NUT"
  revision = "baf6536d6259209c3edfa2b22237af82942d3dfa"
  version = "v0.1.1"

[[projects]]
  digest = "1:93b1d84c5fa6d1ea52f4114c37714cddd84d5b78f151b62bb101128dd51399bf"
  name = "github.com/pborman/uuid"
  packages = ["."]
  pruneopts = "NUT"
  revision = "adf5a7427709b9deb95d29d3fa8a2bf9cfd388f1"
  version = "v1.2"

[[projects]]
  digest = "1:5cf3f025cbee5951a4ee961de067c8a89fc95a5adabead774f82822efabab121"
  name = "github.com/pkg/errors"
  packages = ["."]
  pruneopts = "NUT"
  revision = "645ef00459ed84a119197bfb8d8205042c6df63d"
  version = "v0.8.0"

[[projects]]
  digest = "1:0028cb19b2e4c3112225cd871870f2d9cf49b9b4276531f03438a88e94be86fe"
  name = "github.com/pmezard/go-difflib"
  packages = ["difflib"]
  pruneopts = "NUT"
  revision = "792786c7400a136282c1664665ae0a8db921c6c2"
  version = "v1.0.0"

[[projects]]
  digest = "1:7c7cfeecd2b7147bcfec48a4bf622b4879e26aec145a9e373ce51d0c23b16f6b"
  name = "github.com/prometheus/client_golang"
  packages = [
    "prometheus",
    "prometheus/internal",
    "prometheus/promhttp",
  ]
  pruneopts = "NUT"
  revision = "505eaef017263e299324067d40ca2c48f6a2cf50"
  version = "v0.9.2"

[[projects]]
  branch = "master"
  digest = "1:32d10bdfa8f09ecf13598324dba86ab891f11db3c538b6a34d1c3b5b99d7c36b"
  name = "github.com/prometheus/client_model"
  packages = ["go"]
  pruneopts = "NUT"
  revision = "99fa1f4be8e564e8a6b613da7fa6f46c9edafc6c"

[[projects]]
  branch = "master"
  digest = "1:768b555b86742de2f28beb37f1dedce9a75f91f871d75b5717c96399c1a78c08"
  name = "github.com/prometheus/common"
  packages = [
    "expfmt",
    "internal/bitbucket.org/ww/goautoneg",
    "model",
  ]
  pruneopts = "NUT"
  revision = "7600349dcfe1abd18d72d3a1770870d9800a7801"

[[projects]]
  branch = "master"
  digest = "1:7f62a585f73007e8b6531a8a407349f43809495231c41fff6886d6ce12f870a2"
  name = "github.com/prometheus/procfs"
  packages = [
    ".",
    "internal/util",
    "nfs",
    "xfs",
  ]
  pruneopts = "NUT"
  revision = "40f013a808ec4fa79def444a1a56de4d1727efcb"

[[projects]]
  digest = "1:d848e2bdc690ea54c4b49894b67a05db318a97ee6561879b814c2c1f82f61406"
  name = "github.com/sirupsen/logrus"
  packages = ["."]
  pruneopts = "NUT"
  revision = "bcd833dfe83d3cebad139e4a29ed79cb2318bf95"
  version = "v1.2.0"

[[projects]]
  digest = "1:343d44e06621142ab09ae0c76c1799104cdfddd3ffb445d78b1adf8dc3ffaf3d"
  name = "github.com/spf13/cobra"
  packages = ["."]
  pruneopts = "NUT"
  revision = "ef82de70bb3f60c65fb8eebacbb2d122ef517385"
  version = "v0.0.3"

[[projects]]
  digest = "1:9d8420bbf131d1618bde6530af37c3799340d3762cc47210c1d9532a4c3a2779"
  name = "github.com/spf13/pflag"
  packages = ["."]
  pruneopts = "NUT"
  revision = "298182f68c66c05229eb03ac171abe6e309ee79a"
  version = "v1.0.3"

[[projects]]
  digest = "1:bacb8b590716ab7c33f2277240972c9582d389593ee8d66fc10074e0508b8126"
  name = "github.com/stretchr/testify"
  packages = ["assert"]
  pruneopts = "NUT"
  revision = "f35b8ab0b5a2cef36673838d662e249dd9c94686"
  version = "v1.2.2"

[[projects]]
  branch = "master"
  digest = "1:f15121220068fb01e71ad08b0fdbd1bfaa926be774e7634e8e332c82134079b0"
  name = "github.com/xeipuuv/gojsonpointer"
  packages = ["."]
  pruneopts = "NUT"
  revision = "4e3ac2762d5f479393488629ee9370b50873b3a6"

[[projects]]
  branch = "master"
  digest = "1:131db546a264d76defd7a4ce233796316b2ab856991cb4b7d6ced2a3c7294ad3"
  name = "github.com/xeipuuv/gojsonreference"
  packages = ["."]
  pruneopts = "NUT"
  revision = "bd5ef7bd5415a7ac448318e64f11a24cd21e594b"

[[projects]]
  digest = "1:aaf69f944071a4cede9c6559b674b41faeb3a1ecea85aba335d176b88f000333"
  name = "github.com/xeipuuv/gojsonschema"
  packages = ["."]
  pruneopts = "NUT"
  revision = "93e72a773fade158921402d6a24c819b48aba29d"

[[projects]]
  digest = "1:cc9d86ec4e6e3bdf87e3a421273bfeed003cf8e21351c0302fe8b0eb7b10efe6"
  name = "go.uber.org/atomic"
  packages = ["."]
  pruneopts = "NUT"
  revision = "df976f2515e274675050de7b3f42545de80594fd"
  version = "v1.4.0"

[[projects]]
  digest = "1:7b954fc1e310e8df787500d512b4f1e47e6bf05989c6f7118a5159978abdbc41"
  name = "go.uber.org/multierr"
  packages = ["."]
  pruneopts = "NUT"
  revision = "71e610a0e48dbda460d9c18adca8b5f2de04a7c1"
  version = "v1.2.0"

[[projects]]
  digest = "1:4af5a022f8c5c97734c3c6fad58fdce078e2322ddc98d3102b225a729f03916e"
  name = "go.uber.org/zap"
  packages = [
    ".",
    "buffer",
    "internal/bufferpool",
    "internal/color",
    "internal/exit",
    "zapcore",
  ]
  pruneopts = "NUT"
  revision = "27376062155ad36be76b0f12cf1572a221d3a48c"
  version = "v1.10.0"

[[projects]]
  branch = "master"
  digest = "1:845444612e7036c3ca325bfef50fbac32578fa6ca04f7357a9d648869ed85079"
  name = "golang.org/x/crypto"
  packages = [
    "cryptobyte",
    "cryptobyte/asn1",
    "internal/subtle",
    "nacl/secretbox",
    "poly1305",
    "salsa20/salsa",
    "ssh/terminal",
  ]
  pruneopts = "NUT"
  revision = "a49355c7e3f8fe157a85be2f77e6e269a0f89602"

[[projects]]
  branch = "master"
  digest = "1:a4c95bbc6dd4151a6e00ab85094a378c9009cf127dc715c2df3d87d79280f522"
  name = "golang.org/x/net"
  packages = [
    "context",
    "context/ctxhttp",
    "html",
    "html/atom",
    "html/charset",
    "http/httpguts",
    "http2",
    "http2/hpack",
    "idna",
    "internal/timeseries",
    "trace",
    "websocket",
  ]
  pruneopts = "NUT"
  revision = "4cb1c02c05b0e749b0365f61ae859a8e0cfceed9"

[[projects]]
  branch = "master"
  digest = "1:20be1c62ac412f0f743bb5afdf2b3e343cb2f5b6dbcfb5ea09dac0d3d476dc2f"
  name = "golang.org/x/oauth2"
  packages = [
    ".",
    "google",
    "internal",
    "jws",
    "jwt",
  ]
  pruneopts = "NUT"
  revision = "ef147856a6ddbb60760db74283d2424e98c87bff"

[[projects]]
  branch = "master"
  digest = "1:39ebcc2b11457b703ae9ee2e8cca0f68df21969c6102cb3b705f76cca0ea0239"
  name = "golang.org/x/sync"
  packages = ["errgroup"]
  pruneopts = "NUT"
  revision = "1d60e4601c6fd243af51cc01ddf169918a5407ca"

[[projects]]
  branch = "master"
  digest = "1:baa3044d8a33b3cd690c16fd555c5a543f980206cd1a696f7902307f57f911ec"
  name = "golang.org/x/sys"
  packages = [
    "unix",
    "windows",
  ]
  pruneopts = "NUT"
  revision = "7138fd3d9dc8335c567ca206f4333fb75eb05d56"

[[projects]]
  digest = "1:2c4e3b27329379d7b5f889038b48086140ea60708fb92e4b19d6a775926ea30b"
  name = "golang.org/x/text"
  packages = [
    "collate",
    "collate/build",
    "encoding",
    "encoding/charmap",
    "encoding/htmlindex",
    "encoding/internal",
    "encoding/internal/identifier",
    "encoding/japanese",
    "encoding/korean",
    "encoding/simplifiedchinese",
    "encoding/traditionalchinese",
    "encoding/unicode",
    "internal/colltab",
    "internal/gen",
    "internal/tag",
    "internal/triegen",
    "internal/ucd",
    "internal/utf8internal",
    "language",
    "runes",
    "secure/bidirule",
    "transform",
    "unicode/bidi",
    "unicode/cldr",
    "unicode/norm",
    "unicode/rangetable",
    "width",
  ]
  pruneopts = "NUT"
  revision = "f21a4dfb5e38f5895301dc265a8def02365cc3d0"
  version = "v0.3.0"

[[projects]]
  branch = "master"
  digest = "1:c9e7a4b4d47c0ed205d257648b0e5b0440880cb728506e318f8ac7cd36270bc4"
  name = "golang.org/x/time"
  packages = ["rate"]
  pruneopts = "NUT"
  revision = "fbb02b2291d28baffd63558aa44b4b56f178d650"

[[projects]]
  digest = "1:b63b351b57e64ae8aec1af030dc5e74a2676fcda62102f006ae4411fac1b04c8"
  name = "google.golang.org/appengine"
  packages = [
    ".",
    "internal",
    "internal/app_identity",
    "internal/base",
    "internal/datastore",
    "internal/log",
    "internal/modules",
    "internal/remote_api",
    "internal/urlfetch",
    "urlfetch",
  ]
  pruneopts = "NUT"
  revision = "4a4468ece617fc8205e99368fa2200e9d1fad421"
  version = "v1.3.0"

[[projects]]
  branch = "master"
  digest = "1:eff11a4ed88d9d3e28dd697961c550af1c4d0d3dccdc6252715b9a65a1d541bb"
  name = "google.golang.org/genproto"
  packages = [
    "googleapis/api/annotations",
    "googleapis/rpc/status",
  ]
  pruneopts = "NUT"
  revision = "ff3583edef7de132f219f0efc00e097cabcc0ec0"

[[projects]]
  digest = "1:53c75e2976d7b405f40b4a6c6104c74b20dc4fdc3a481e5dcbe953c95432ed37"
  name = "google.golang.org/grpc"
  packages = [
    ".",
    "balancer",
    "balancer/base",
    "balancer/roundrobin",
    "binarylog/grpc_binarylog_v1",
    "codes",
    "connectivity",
    "credentials",
    "credentials/internal",
    "encoding",
    "encoding/proto",
    "grpclog",
    "internal",
    "internal/backoff",
    "internal/balancerload",
    "internal/binarylog",
    "internal/channelz",
    "internal/envconfig",
    "internal/grpcrand",
    "internal/grpcsync",
    "internal/syscall",
    "internal/transport",
    "keepalive",
    "metadata",
    "naming",
    "peer",
    "resolver",
    "resolver/dns",
    "resolver/passthrough",
    "serviceconfig",
    "stats",
    "status",
    "tap",
  ]
  pruneopts = "NUT"
  revision = "39e8a7b072a67ca2a75f57fa2e0d50995f5b22f6"
  version = "v1.23.1"

[[projects]]
  digest = "1:2d1fbdc6777e5408cabeb02bf336305e724b925ff4546ded0fa8715a7267922a"
  name = "gopkg.in/inf.v0"
  packages = ["."]
  pruneopts = "NUT"
  revision = "d2d2541c53f18d2a059457998ce2876cc8e67cbf"
  version = "v0.9.1"

[[projects]]
  digest = "1:80c34337e8a734e190f2d1b716cae774cca74db98315166f92074434e9af0227"
  name = "gopkg.in/natefinch/lumberjack.v2"
  packages = ["."]
  pruneopts = "NUT"
  revision = "a96e63847dc3c67d17befa69c303767e2f84e54f"
  version = "v2.1"

[[projects]]
  digest = "1:c0ce856ee6874fc944d5ee7ceb6c374321e027287c73a33b4c5fad666aedb3ea"
  name = "gopkg.in/yaml.v2"
  packages = ["."]
  pruneopts = "NUT"
  revision = "bb4e33bf68bf89cad44d386192cbed201f35b241"
  version = "v2.2.3"

[[projects]]
  digest = "1:9b3e533ee96d9d3c0090385d65de0d507243ae5e32be4e623829b68e37f2aaad"
  name = "k8s.io/api"
  packages = [
    "admission/v1",
    "admission/v1beta1",
    "admissionregistration/v1",
    "admissionregistration/v1beta1",
    "apps/v1",
    "apps/v1beta1",
    "apps/v1beta2",
    "auditregistration/v1alpha1",
    "authentication/v1",
    "authentication/v1beta1",
    "authorization/v1",
    "authorization/v1beta1",
    "autoscaling/v1",
    "autoscaling/v2beta1",
    "autoscaling/v2beta2",
    "batch/v1",
    "batch/v1beta1",
    "batch/v2alpha1",
    "certificates/v1beta1",
    "coordination/v1",
    "coordination/v1beta1",
    "core/v1",
    "discovery/v1alpha1",
    "events/v1beta1",
    "extensions/v1beta1",
    "networking/v1",
    "networking/v1beta1",
    "node/v1alpha1",
    "node/v1beta1",
    "policy/v1beta1",
    "rbac/v1",
    "rbac/v1alpha1",
    "rbac/v1beta1",
    "scheduling/v1",
    "scheduling/v1alpha1",
    "scheduling/v1beta1",
    "settings/v1alpha1",
    "storage/v1",
    "storage/v1alpha1",
    "storage/v1beta1",
  ]
  pruneopts = "NUT"
  revision = "35e52d86657aba06859dd22099bfa14faf1effb2"
  version = "kubernetes-1.16.2"

[[projects]]
  digest = "1:6aab404e4451f049e6c4dfdb102d43fb209b445cdac708f7e74b5e70b41ddd90"
  name = "k8s.io/apiextensions-apiserver"
  packages = [
    "pkg/apis/apiextensions",
    "pkg/apis/apiextensions/v1",
    "pkg/apis/apiextensions/v1beta1",
    "pkg/client/clientset/clientset",
    "pkg/client/clientset/clientset/scheme",
    "pkg/client/clientset/clientset/typed/apiextensions/v1",
    "pkg/client/clientset/clientset/typed/apiextensions/v1beta1",
  ]
  pruneopts = "NUT"
  revision = "5357c4baaf6562e4d37c9afc9fef99bd16d76a9f"
  version = "kubernetes-1.16.2"

[[projects]]
  digest = "1:517760b1a9ddc8cefdd35124e6844b5f96778e5c0edf0d86c5a107970f346932"
  name = "k8s.io/apimachinery"
  packages = [
    "pkg/api/equality",
    "pkg/api/errors",
    "pkg/api/meta",
    "pkg/api/resource",
    "pkg/api/validation",
    "pkg/api/validation/path",
    "pkg/apis/meta/internalversion",
    "pkg/apis/meta/v1",
    "pkg/apis/meta/v1/unstructured",
    "pkg/apis/meta/v1/validation",
    "pkg/apis/meta/v1beta1",
    "pkg/apis/meta/v1beta1/validation",
    "pkg/conversion",
    "pkg/conversion/queryparams",
    "pkg/fields",
    "pkg/labels",
    "pkg/runtime",
    "pkg/runtime/schema",
    "pkg/runtime/serializer",
    "pkg/runtime/serializer/json",
    "pkg/runtime/serializer/protobuf",
    "pkg/runtime/serializer/recognizer",
    "pkg/runtime/serializer/streaming",
    "pkg/runtime/serializer/versioning",
    "pkg/selection",
    "pkg/types",
    "pkg/util/cache",
    "pkg/util/clock",
    "pkg/util/diff",
    "pkg/util/errors",
    "pkg/util/framer",
    "pkg/util/intstr",
    "pkg/util/json",
    "pkg/util/mergepatch",
    "pkg/util/naming",
    "pkg/util/net",
    "pkg/util/rand",
    "pkg/util/runtime",
    "pkg/util/sets",
    "pkg/util/strategicpatch",
    "pkg/util/uuid",
    "pkg/util/validation",
    "pkg/util/validation/field",
    "pkg/util/wait",
    "pkg/util/waitgroup",
    "pkg/util/yaml",
    "pkg/version",
    "pkg/watch",
    "third_party/forked/golang/json",
    "third_party/forked/golang/reflect",
  ]
  pruneopts = "NUT"
  revision = "a2eda9f80ab8a454a81bdde16d62a1afe5f931c0"
  version = "kubernetes-1.16.2"

[[projects]]
  digest = "1:43fdea4416571c46d39327524267920bc06a0e4cd2702534019078b2f003dd93"
  name = "k8s.io/apiserver"
  packages = [
    "pkg/admission",
    "pkg/admission/configuration",
    "pkg/admission/initializer",
    "pkg/admission/metrics",
    "pkg/admission/plugin/namespace/lifecycle",
    "pkg/admission/plugin/webhook",
    "pkg/admission/plugin/webhook/config",
    "pkg/admission/plugin/webhook/config/apis/webhookadmission",
    "pkg/admission/plugin/webhook/config/apis/webhookadmission/v1alpha1",
    "pkg/admission/plugin/webhook/errors",
    "pkg/admission/plugin/webhook/generic",
    "pkg/admission/plugin/webhook/mutating",
    "pkg/admission/plugin/webhook/namespace",
    "pkg/admission/plugin/webhook/object",
    "pkg/admission/plugin/webhook/request",
    "pkg/admission/plugin/webhook/rules",
    "pkg/admission/plugin/webhook/validating",
    "pkg/apis/apiserver",
    "pkg/apis/apiserver/install",
    "pkg/apis/apiserver/v1alpha1",
    "pkg/apis/audit",
    "pkg/apis/audit/install",
    "pkg/apis/audit/v1",
    "pkg/apis/audit/v1alpha1",
    "pkg/apis/audit/v1beta1",
    "pkg/apis/audit/validation",
    "pkg/apis/config",
    "pkg/apis/config/v1",
    "pkg/audit",
    "pkg/audit/event",
    "pkg/audit/policy",
    "pkg/audit/util",
    "pkg/authentication/authenticator",
    "pkg/authentication/authenticatorfactory",
    "pkg/authentication/group",
    "pkg/authentication/request/anonymous",
    "pkg/authentication/request/bearertoken",
    "pkg/authentication/request/headerrequest",
    "pkg/authentication/request/union",
    "pkg/authentication/request/websocket",
    "pkg/authentication/request/x509",
    "pkg/authentication/serviceaccount",
    "pkg/authentication/token/cache",
    "pkg/authentication/token/tokenfile",
    "pkg/authentication/user",
    "pkg/authorization/authorizer",
    "pkg/authorization/authorizerfactory",
    "pkg/authorization/path",
    "pkg/authorization/union",
    "pkg/endpoints",
    "pkg/endpoints/discovery",
    "pkg/endpoints/filters",
    "pkg/endpoints/handlers",
    "pkg/endpoints/handlers/fieldmanager",
    "pkg/endpoints/handlers/fieldmanager/internal",
    "pkg/endpoints/handlers/negotiation",
    "pkg/endpoints/handlers/responsewriters",
    "pkg/endpoints/metrics",
    "pkg/endpoints/openapi",
    "pkg/endpoints/request",
    "pkg/features",
    "pkg/registry/generic",
    "pkg/registry/generic/registry",
    "pkg/registry/rest",
    "pkg/server",
    "pkg/server/egressselector",
    "pkg/server/filters",
    "pkg/server/healthz",
    "pkg/server/httplog",
    "pkg/server/mux",
    "pkg/server/options",
    "pkg/server/options/encryptionconfig",
    "pkg/server/resourceconfig",
    "pkg/server/routes",
    "pkg/server/storage",
    "pkg/storage",
    "pkg/storage/cacher",
    "pkg/storage/errors",
    "pkg/storage/etcd3",
    "pkg/storage/etcd3/metrics",
    "pkg/storage/names",
    "pkg/storage/storagebackend",
    "pkg/storage/storagebackend/factory",
    "pkg/storage/value",
    "pkg/storage/value/encrypt/aes",
    "pkg/storage/value/encrypt/envelope",
    "pkg/storage/value/encrypt/envelope/v1beta1",
    "pkg/storage/value/encrypt/identity",
    "pkg/storage/value/encrypt/secretbox",
    "pkg/util/dryrun",
    "pkg/util/feature",
    "pkg/util/flushwriter",
    "pkg/util/openapi",
    "pkg/util/webhook",
    "pkg/util/wsstream",
    "plugin/pkg/audit/buffered",
    "plugin/pkg/audit/dynamic",
    "plugin/pkg/audit/dynamic/enforced",
    "plugin/pkg/audit/log",
    "plugin/pkg/audit/truncate",
    "plugin/pkg/audit/webhook",
    "plugin/pkg/authenticator/token/webhook",
    "plugin/pkg/authorizer/webhook",
  ]
  pruneopts = "NUT"
  revision = "5190913f932d82e562d4eb91d0f3d7a063bdbc07"
  version = "kubernetes-1.16.2"

[[projects]]
  digest = "1:562be63713477cc6dfb4b3997b2477bae7760b89bcb749af9745bae7193675be"
  name = "k8s.io/client-go"
  packages = [
    "discovery",
    "discovery/fake",
    "informers",
    "informers/admissionregistration",
    "informers/admissionregistration/v1",
    "informers/admissionregistration/v1beta1",
    "informers/apps",
    "informers/apps/v1",
    "informers/apps/v1beta1",
    "informers/apps/v1beta2",
    "informers/auditregistration",
    "informers/auditregistration/v1alpha1",
    "informers/autoscaling",
    "informers/autoscaling/v1",
    "informers/autoscaling/v2beta1",
    "informers/autoscaling/v2beta2",
    "informers/batch",
    "informers/batch/v1",
    "informers/batch/v1beta1",
    "informers/batch/v2alpha1",
    "informers/certificates",
    "informers/certificates/v1beta1",
    "informers/coordination",
    "informers/coordination/v1",
    "informers/coordination/v1beta1",
    "informers/core",
    "informers/core/v1",
    "informers/discovery",
    "informers/discovery/v1alpha1",
    "informers/events",
    "informers/events/v1beta1",
    "informers/extensions",
    "informers/extensions/v1beta1",
    "informers/internalinterfaces",
    "informers/networking",
    "informers/networking/v1",
    "informers/networking/v1beta1",
    "informers/node",
    "informers/node/v1alpha1",
    "informers/node/v1beta1",
    "informers/policy",
    "informers/policy/v1beta1",
    "informers/rbac",
    "informers/rbac/v1",
    "informers/rbac/v1alpha1",
    "informers/rbac/v1beta1",
    "informers/scheduling",
    "informers/scheduling/v1",
    "informers/scheduling/v1alpha1",
    "informers/scheduling/v1beta1",
    "informers/settings",
    "informers/settings/v1alpha1",
    "informers/storage",
    "informers/storage/v1",
    "informers/storage/v1alpha1",
    "informers/storage/v1beta1",
    "kubernetes",
    "kubernetes/fake",
    "kubernetes/scheme",
    "kubernetes/typed/admissionregistration/v1",
    "kubernetes/typed/admissionregistration/v1/fake",
    "kubernetes/typed/admissionregistration/v1beta1",
    "kubernetes/typed/admissionregistration/v1beta1/fake",
    "kubernetes/typed/apps/v1",
    "kubernetes/typed/apps/v1/fake",
    "kubernetes/typed/apps/v1beta1",
    "kubernetes/typed/apps/v1beta1/fake",
    "kubernetes/typed/apps/v1beta2",
    "kubernetes/typed/apps/v1beta2/fake",
    "kubernetes/typed/auditregistration/v1alpha1",
    "kubernetes/typed/auditregistration/v1alpha1/fake",
    "kubernetes/typed/authentication/v1",
    "kubernetes/typed/authentication/v1/fake",
    "kubernetes/typed/authentication/v1beta1",
    "kubernetes/typed/authentication/v1beta1/fake",
    "kubernetes/typed/authorization/v1",
    "kubernetes/typed/authorization/v1/fake",
    "kubernetes/typed/authorization/v1beta1",
    "kubernetes/typed/authorization/v1beta1/fake",
    "kubernetes/typed/autoscaling/v1",
    "kubernetes/typed/autoscaling/v1/fake",
    "kubernetes/typed/autoscaling/v2beta1",
    "kubernetes/typed/autoscaling/v2beta1/fake",
    "kubernetes/typed/autoscaling/v2beta2",
    "kubernetes/typed/autoscaling/v2beta2/fake",
    "kubernetes/typed/batch/v1",
    "kubernetes/typed/batch/v1/fake",
    "kubernetes/typed/batch/v1beta1",
    "kubernetes/typed/batch/v1beta1/fake",
    "kubernetes/typed/batch/v2alpha1",
    "kubernetes/typed/batch/v2alpha1/fake",
    "kubernetes/typed/certificates/v1beta1",
    "kubernetes/typed/certificates/v1beta1/fake",
    "kubernetes/typed/coordination/v1",
    "kubernetes/typed/coordination/v1/fake",
    "kubernetes/typed/coordination/v1beta1",
    "kubernetes/typed/coordination/v1beta1/fake",
    "kubernetes/typed/core/v1",
    "kubernetes/typed/core/v1/fake",
    "kubernetes/typed/discovery/v1alpha1",
    "kubernetes/typed/discovery/v1alpha1/fake",
    "kubernetes/typed/events/v1beta1",
    "kubernetes/typed/events/v1beta1/fake",
    "kubernetes/typed/extensions/v1beta1",
    "kubernetes/typed/extensions/v1beta1/fake",
    "kubernetes/typed/networking/v1",
    "kubernetes/typed/networking/v1/fake",
    "kubernetes/typed/networking/v1beta1",
    "kubernetes/typed/networking/v1beta1/fake",
    "kubernetes/typed/node/v1alpha1",
    "kubernetes/typed/node/v1alpha1/fake",
    "kubernetes/typed/node/v1beta1",
    "kubernetes/typed/node/v1beta1/fake",
    "kubernetes/typed/policy/v1beta1",
    "kubernetes/typed/policy/v1beta1/fake",
    "kubernetes/typed/rbac/v1",
    "kubernetes/typed/rbac/v1/fake",
    "kubernetes/typed/rbac/v1alpha1",
    "kubernetes/typed/rbac/v1alpha1/fake",
    "kubernetes/typed/rbac/v1beta1",
    "kubernetes/typed/rbac/v1beta1/fake",
    "kubernetes/typed/scheduling/v1",
    "kubernetes/typed/scheduling/v1/fake",
    "kubernetes/typed/scheduling/v1alpha1",
    "kubernetes/typed/scheduling/v1alpha1/fake",
    "kubernetes/typed/scheduling/v1beta1",
    "kubernetes/typed/scheduling/v1beta1/fake",
    "kubernetes/typed/settings/v1alpha1",
    "kubernetes/typed/settings/v1alpha1/fake",
    "kubernetes/typed/storage/v1",
    "kubernetes/typed/storage/v1/fake",
    "kubernetes/typed/storage/v1alpha1",
    "kubernetes/typed/storage/v1alpha1/fake",
    "kubernetes/typed/storage/v1beta1",
    "kubernetes/typed/storage/v1beta1/fake",
    "listers/admissionregistration/v1",
    "listers/admissionregistration/v1beta1",
    "listers/apps/v1",
    "listers/apps/v1beta1",
    "listers/apps/v1beta2",
    "listers/auditregistration/v1alpha1",
    "listers/autoscaling/v1",
    "listers/autoscaling/v2beta1",
    "listers/autoscaling/v2beta2",
    "listers/batch/v1",
    "listers/batch/v1beta1",
    "listers/batch/v2alpha1",
    "listers/certificates/v1beta1",
    "listers/coordination/v1",
    "listers/coordination/v1beta1",
    "listers/core/v1",
    "listers/discovery/v1alpha1",
    "listers/events/v1beta1",
    "listers/extensions/v1beta1",
    "listers/networking/v1",
    "listers/networking/v1beta1",
    "listers/node/v1alpha1",
    "listers/node/v1beta1",
    "listers/policy/v1beta1",
    "listers/rbac/v1",
    "listers/rbac/v1alpha1",
    "listers/rbac/v1beta1",
    "listers/scheduling/v1",
    "listers/scheduling/v1alpha1",
    "listers/scheduling/v1beta1",
    "listers/settings/v1alpha1",
    "listers/storage/v1",
    "listers/storage/v1alpha1",
    "listers/storage/v1beta1",
    "pkg/apis/clientauthentication",
    "pkg/apis/clientauthentication/v1alpha1",
    "pkg/apis/clientauthentication/v1beta1",
    "pkg/version",
    "plugin/pkg/client/auth/exec",
    "plugin/pkg/client/auth/gcp",
    "rest",
    "rest/watch",
    "testing",
    "third_party/forked/golang/template",
    "tools/auth",
    "tools/cache",
    "tools/clientcmd",
    "tools/clientcmd/api",
    "tools/clientcmd/api/latest",
    "tools/clientcmd/api/v1",
    "tools/metrics",
    "tools/pager",
    "tools/record",
    "tools/record/util",
    "tools/reference",
    "transport",
    "util/cert",
    "util/connrotation",
    "util/flowcontrol",
    "util/homedir",
    "util/jsonpath",
    "util/keyutil",
    "util/retry",
  ]
  pruneopts = "NUT"
  revision = "bec269661e48cb1e5fbb0d037f356ffe9e9978a0"
  version = "kubernetes-1.16.2"

[[projects]]
  digest = "1:e440f2cc49ef51a32e5ef177b050a3df40c473269552b2cc7cbb234bbaec7975"
  name = "k8s.io/component-base"
  packages = [
    "cli/flag",
    "featuregate",
    "logs",
    "metrics",
    "metrics/legacyregistry",
    "version",
  ]
  pruneopts = "NUT"
  revision = "039242c015a9f5eeaccea3ea17c6973b9c27166a"
  version = "kubernetes-1.16.2"

[[projects]]
  digest = "1:c263611800c3a97991dbcf9d3bc4de390f6224aaa8ca0a7226a9d734f65a416a"
  name = "k8s.io/klog"
  packages = ["."]
  pruneopts = "NUT"
  revision = "71442cd4037d612096940ceb0f3fec3f7fff66e0"
  version = "v0.2.0"

[[projects]]
  digest = "1:4423b48864cb21b52a6aa82e1d7c60bb6c318a5faa321dc2edf0a8a737fc0ca9"
  name = "k8s.io/kube-aggregator"
  packages = [
    "pkg/apis/apiregistration",
    "pkg/apis/apiregistration/v1",
    "pkg/apis/apiregistration/v1beta1",
    "pkg/client/clientset_generated/clientset/scheme",
    "pkg/client/clientset_generated/clientset/typed/apiregistration/v1beta1",
  ]
  pruneopts = "NUT"
  revision = "9587704a8ad47275684f38d0be237504ee7d1ae3"
  version = "kubernetes-1.16.2"

[[projects]]
  digest = "1:6267b439cfa16676669e82402d6d7bf209f2c55a198206ef28eee97e0ccda60c"
  name = "k8s.io/kube-openapi"
  packages = [
    "pkg/builder",
    "pkg/common",
    "pkg/handler",
    "pkg/schemaconv",
    "pkg/util",
    "pkg/util/proto",
  ]
  pruneopts = "NUT"
  revision = "0270cf2f1c1d995d34b36019a6f65d58e6e33ad4"

[[projects]]
  branch = "master"
  digest = "1:bf4880ebdf96696ad8b81e12017aff06c779b6b0c1e2299ad7aa0512b8fab066"
  name = "k8s.io/utils"
  packages = [
    "buffer",
    "integer",
    "path",
    "pointer",
    "trace",
  ]
  pruneopts = "NUT"
  revision = "69764acb6e8e900b7c05296c5d3c9c19545475f9"

[[projects]]
  branch = "master"
  digest = "1:9b97d71779a47e9246743833f8aba1a0e3aaa3adcafba07229e384d35e00ba69"
  name = "sigs.k8s.io/structured-merge-diff"
  packages = [
    "fieldpath",
    "merge",
    "schema",
    "typed",
    "value",
  ]
  pruneopts = "NUT"
  revision = "13ba6db87b8b1b4090b5db84ef2995c3ba6f4ae5"

[[projects]]
  digest = "1:8730e0150dfb2b7e173890c8b9868e7a273082ef8e39f4940e3506a481cf895c"
  name = "sigs.k8s.io/yaml"
  packages = ["."]
  pruneopts = "NUT"
  revision = "fd68e9863619f6ec2fdd8625fe1f02e7c877e480"
  version = "v1.1.0"

[solve-meta]
  analyzer-name = "dep"
  analyzer-version = 1
  input-imports = [
    "github.com/Masterminds/semver",
    "github.com/containerd/console",
    "github.com/docker/cli/cli/compose/loader",
    "github.com/docker/cli/cli/compose/types",
    "github.com/docker/cli/opts",
    "github.com/docker/docker/api/types/swarm",
    "github.com/docker/docker/pkg/homedir",
    "github.com/go-openapi/spec",
    "github.com/mitchellh/go-homedir",
    "github.com/morikuni/aec",
    "github.com/onsi/ginkgo",
    "github.com/onsi/ginkgo/config",
    "github.com/onsi/ginkgo/reporters",
    "github.com/onsi/gomega",
    "github.com/pkg/errors",
    "github.com/sirupsen/logrus",
    "github.com/spf13/cobra",
    "github.com/spf13/pflag",
    "github.com/stretchr/testify/assert",
    "golang.org/x/sync/errgroup",
    "k8s.io/api/apps/v1",
    "k8s.io/api/core/v1",
    "k8s.io/api/rbac/v1",
    "k8s.io/api/storage/v1",
    "k8s.io/apiextensions-apiserver/pkg/apis/apiextensions/v1beta1",
    "k8s.io/apiextensions-apiserver/pkg/client/clientset/clientset",
    "k8s.io/apiextensions-apiserver/pkg/client/clientset/clientset/typed/apiextensions/v1beta1",
    "k8s.io/apimachinery/pkg/api/equality",
    "k8s.io/apimachinery/pkg/api/errors",
    "k8s.io/apimachinery/pkg/api/meta",
    "k8s.io/apimachinery/pkg/api/resource",
    "k8s.io/apimachinery/pkg/apis/meta/v1",
    "k8s.io/apimachinery/pkg/apis/meta/v1beta1",
    "k8s.io/apimachinery/pkg/conversion",
    "k8s.io/apimachinery/pkg/fields",
    "k8s.io/apimachinery/pkg/labels",
    "k8s.io/apimachinery/pkg/runtime",
    "k8s.io/apimachinery/pkg/runtime/schema",
    "k8s.io/apimachinery/pkg/runtime/serializer",
    "k8s.io/apimachinery/pkg/types",
    "k8s.io/apimachinery/pkg/util/errors",
    "k8s.io/apimachinery/pkg/util/intstr",
    "k8s.io/apimachinery/pkg/util/sets",
    "k8s.io/apimachinery/pkg/util/validation",
    "k8s.io/apimachinery/pkg/util/validation/field",
    "k8s.io/apimachinery/pkg/util/wait",
    "k8s.io/apimachinery/pkg/version",
    "k8s.io/apimachinery/pkg/watch",
    "k8s.io/apiserver/pkg/authentication/user",
    "k8s.io/apiserver/pkg/endpoints/openapi",
    "k8s.io/apiserver/pkg/endpoints/request",
    "k8s.io/apiserver/pkg/registry/generic",
    "k8s.io/apiserver/pkg/registry/generic/registry",
    "k8s.io/apiserver/pkg/registry/rest",
    "k8s.io/apiserver/pkg/server",
    "k8s.io/apiserver/pkg/server/filters",
    "k8s.io/apiserver/pkg/server/healthz",
    "k8s.io/apiserver/pkg/server/options",
    "k8s.io/apiserver/pkg/storage",
    "k8s.io/apiserver/pkg/storage/names",
    "k8s.io/client-go/discovery",
    "k8s.io/client-go/informers/apps/v1",
    "k8s.io/client-go/informers/core/v1",
    "k8s.io/client-go/kubernetes",
    "k8s.io/client-go/kubernetes/fake",
    "k8s.io/client-go/kubernetes/typed/apps/v1",
    "k8s.io/client-go/kubernetes/typed/core/v1",
    "k8s.io/client-go/kubernetes/typed/rbac/v1",
    "k8s.io/client-go/kubernetes/typed/storage/v1",
    "k8s.io/client-go/plugin/pkg/client/auth/gcp",
    "k8s.io/client-go/rest",
    "k8s.io/client-go/tools/cache",
    "k8s.io/client-go/tools/clientcmd",
    "k8s.io/client-go/util/cert",
    "k8s.io/client-go/util/flowcontrol",
    "k8s.io/client-go/util/keyutil",
    "k8s.io/component-base/logs",
    "k8s.io/kube-aggregator/pkg/apis/apiregistration/v1beta1",
    "k8s.io/kube-aggregator/pkg/client/clientset_generated/clientset/typed/apiregistration/v1beta1",
    "k8s.io/kube-openapi/pkg/common",
  ]
  solver-name = "gps-cdcl"
  solver-version = 1
